
Microsoft Visual Studio Solution File, Format Version 12.00
# Visual Studio Version 17
VisualStudioVersion = 17.0.31903.59
MinimumVisualStudioVersion = 10.0.40219.1
Project("{FAE04EC0-301F-11D3-BF4B-00C04F79EFBC}") = "PSMModel", "Model\PSMModel.csproj", "{75B1F114-DE6D-4627-8A26-A59C3583835B}"
EndProject
Project("{FAE04EC0-301F-11D3-BF4B-00C04F79EFBC}") = "PSMDataAccess", "DataAccess\PSMDataAccess.csproj", "{2073A94E-FF21-48BE-B28E-EFC25FD56F2A}"
EndProject
Project("{FAE04EC0-301F-11D3-BF4B-00C04F79EFBC}") = "PSMWebAPI", "WebAPI\PSMWebAPI.csproj", "{B681C8F8-C0A8-4E29-AB41-B4762FCADF78}"
EndProject
Global
	GlobalSection(SolutionConfigurationPlatforms) = preSolution
		Debug|Any CPU = Debug|Any CPU
		Release|Any CPU = Release|Any CPU
	EndGlobalSection
	GlobalSection(ProjectConfigurationPlatforms) = postSolution
		{75B1F114-DE6D-4627-8A26-A59C3583835B}.Debug|Any CPU.ActiveCfg = Debug|Any CPU
		{75B1F114-DE6D-4627-8A26-A59C3583835B}.Debug|Any CPU.Build.0 = Debug|Any CPU
		{75B1F114-DE6D-4627-8A26-A59C3583835B}.Release|Any CPU.ActiveCfg = Release|Any CPU
		{75B1F114-DE6D-4627-8A26-A59C3583835B}.Release|Any CPU.Build.0 = Release|Any CPU
		{2073A94E-FF21-48BE-B28E-EFC25FD56F2A}.Debug|Any CPU.ActiveCfg = Debug|Any CPU
		{2073A94E-FF21-48BE-B28E-EFC25FD56F2A}.Debug|Any CPU.Build.0 = Debug|Any CPU
		{2073A94E-FF21-48BE-B28E-EFC25FD56F2A}.Release|Any CPU.ActiveCfg = Release|Any CPU
		{2073A94E-FF21-48BE-B28E-EFC25FD56F2A}.Release|Any CPU.Build.0 = Release|Any CPU
		{B681C8F8-C0A8-4E29-AB41-B4762FCADF78}.Debug|Any CPU.ActiveCfg = Debug|Any CPU
		{B681C8F8-C0A8-4E29-AB41-B4762FCADF78}.Debug|Any CPU.Build.0 = Debug|Any CPU
		{B681C8F8-C0A8-4E29-AB41-B4762FCADF78}.Release|Any CPU.ActiveCfg = Release|Any CPU
		{B681C8F8-C0A8-4E29-AB41-B4762FCADF78}.Release|Any CPU.Build.0 = Release|Any CPU
	EndGlobalSection
	GlobalSection(SolutionProperties) = preSolution
		HideSolutionNode = FALSE
	EndGlobalSection
EndGlobal
